
Microsoft Visual Studio Solution File, Format Version 12.00
# Visual Studio 2012
Project("{FAE04EC0-301F-11D3-BF4B-00C04F79EFBC}") = "Warranty.UI", "Warranty.UI\Warranty.UI.csproj", "{ECCA9355-3FF0-4C3A-BE4C-9E02B5C8D242}"
EndProject
Project("{FAE04EC0-301F-11D3-BF4B-00C04F79EFBC}") = "Warranty.Core", "Warranty.Core\Warranty.Core.csproj", "{991144F8-B588-4604-930B-3224FEC6FF32}"
EndProject
Project("{FAE04EC0-301F-11D3-BF4B-00C04F79EFBC}") = "Warranty.Tests", "Warranty.Tests\Warranty.Tests.csproj", "{C3CDE3C8-278C-44F6-A498-344A6E666454}"
EndProject
Project("{FAE04EC0-301F-11D3-BF4B-00C04F79EFBC}") = "Warranty.Server", "Warranty.Server\Warranty.Server.csproj", "{1F88DA00-AE07-4355-8368-37E3A1D6C7A2}"
EndProject
Project("{FAE04EC0-301F-11D3-BF4B-00C04F79EFBC}") = "Warranty.LotusExtract", "Warranty.LotusExtract\Warranty.LotusExtract.csproj", "{AF1DBB4F-8023-4488-9961-96471C6647F3}"
EndProject
Project("{2150E333-8FDC-42A3-9474-1A3956D46DE8}") = ".nuget", ".nuget", "{C00D447F-1C0F-43EA-8B50-06E03945D0F4}"
	ProjectSection(SolutionItems) = preProject
		.nuget\NuGet.Config = .nuget\NuGet.Config
		.nuget\NuGet.exe = .nuget\NuGet.exe
		.nuget\NuGet.targets = .nuget\NuGet.targets
	EndProjectSection
EndProject
Project("{FAE04EC0-301F-11D3-BF4B-00C04F79EFBC}") = "Warranty.JdeImport", "Warranty.JdeImport\Warranty.JdeImport.csproj", "{24F01427-4EBA-4038-A8DE-320AC2857484}"
EndProject
Project("{2150E333-8FDC-42A3-9474-1A3956D46DE8}") = "Database", "Database", "{9AE255B5-B3E9-4EAE-9930-4FE345CFE51D}"
EndProject
Project("{2150E333-8FDC-42A3-9474-1A3956D46DE8}") = "Warranty", "Warranty", "{774F9200-608F-47BB-9529-283346F7A9BB}"
EndProject
Project("{2150E333-8FDC-42A3-9474-1A3956D46DE8}") = "Up", "Up", "{20518451-E144-488A-9C92-4DF652E04FC8}"
	ProjectSection(SolutionItems) = preProject
		Database\Warranty\Up\0000_AddNewDefaultFileGroup.sql = Database\Warranty\Up\0000_AddNewDefaultFileGroup.sql
		Database\Warranty\Up\0000_SetupLookupSchema.sql = Database\Warranty\Up\0000_SetupLookupSchema.sql
		Database\Warranty\Up\0001_CreateCitiesTable.sql = Database\Warranty\Up\0001_CreateCitiesTable.sql
		Database\Warranty\Up\0002_CreateDivisionsTable.sql = Database\Warranty\Up\0002_CreateDivisionsTable.sql
		Database\Warranty\Up\0003_CreateProjectsTable.sql = Database\Warranty\Up\0003_CreateProjectsTable.sql
		Database\Warranty\Up\0004_CreateCommunitiesTable.sql = Database\Warranty\Up\0004_CreateCommunitiesTable.sql
		Database\Warranty\Up\0005_CreateHomeOwnersTable.sql = Database\Warranty\Up\0005_CreateHomeOwnersTable.sql
		Database\Warranty\Up\0006_CreateEmployeesTable.sql = Database\Warranty\Up\0006_CreateEmployeesTable.sql
		Database\Warranty\Up\0007_CreateJobsTable.sql = Database\Warranty\Up\0007_CreateJobsTable.sql
		Database\Warranty\Up\0008_CreateJobOptionsTable.sql = Database\Warranty\Up\0008_CreateJobOptionsTable.sql
		Database\Warranty\Up\0009_CreateWarrantyCallStatusTable.sql = Database\Warranty\Up\0009_CreateWarrantyCallStatusTable.sql
		Database\Warranty\Up\0010_CreateWarrantyCallsTable.sql = Database\Warranty\Up\0010_CreateWarrantyCallsTable.sql
		Database\Warranty\Up\0011_CreateWarrantyCallLineItemsTable.sql = Database\Warranty\Up\0011_CreateWarrantyCallLineItemsTable.sql
		Database\Warranty\Up\0012_RelateHomeOwnerToJob.sql = Database\Warranty\Up\0012_RelateHomeOwnerToJob.sql
		Database\Warranty\Up\0013_CreateImportSchema.sql = Database\Warranty\Up\0013_CreateImportSchema.sql
		Database\Warranty\Up\0014_CreateCustomerImportsTable.sql = Database\Warranty\Up\0014_CreateCustomerImportsTable.sql
		Database\Warranty\Up\0015_CreateMasterCommunityImportTable.sql = Database\Warranty\Up\0015_CreateMasterCommunityImportTable.sql
		Database\Warranty\Up\0016_CreateJobOptionImportsTable.sql = Database\Warranty\Up\0016_CreateJobOptionImportsTable.sql
		Database\Warranty\Up\0017_CreateWarrantyCallImportsTable.sql = Database\Warranty\Up\0017_CreateWarrantyCallImportsTable.sql
		Database\Warranty\Up\0018_CreateDeleteByCityStoredProcedure.sql = Database\Warranty\Up\0018_CreateDeleteByCityStoredProcedure.sql
		Database\Warranty\Up\0019_CreateImportDataStoredProcedure.sql = Database\Warranty\Up\0019_CreateImportDataStoredProcedure.sql
		Database\Warranty\Up\0020_CreatePaymentsTable.sql = Database\Warranty\Up\0020_CreatePaymentsTable.sql
		Database\Warranty\Up\0021_CreateWarrantyCallCommentsTable.sql = Database\Warranty\Up\0021_CreateWarrantyCallCommentsTable.sql
		Database\Warranty\Up\0022_InsertWarrantyCallStatuses.sql = Database\Warranty\Up\0022_InsertWarrantyCallStatuses.sql
		Database\Warranty\Up\0023_CreateWarrantyCallLineItemsIndex.sql = Database\Warranty\Up\0023_CreateWarrantyCallLineItemsIndex.sql
		Database\Warranty\Up\0024_AlterPaymentsToAddAuditInfo.sql = Database\Warranty\Up\0024_AlterPaymentsToAddAuditInfo.sql
		Database\Warranty\Up\0025_AlterPaymentsToIncreaseJdeId.sql = Database\Warranty\Up\0025_AlterPaymentsToIncreaseJdeId.sql
		Database\Warranty\Up\0026_AlterPaymentsToIncreaseJobNumber.sql = Database\Warranty\Up\0026_AlterPaymentsToIncreaseJobNumber.sql
		Database\Warranty\Up\0027_RemoveServiceCallStatus.sql = Database\Warranty\Up\0027_RemoveServiceCallStatus.sql
		Database\Warranty\Up\0028_AddIsSpecialProjectToServiceCalls.sql = Database\Warranty\Up\0028_AddIsSpecialProjectToServiceCalls.sql
		Database\Warranty\Up\0029_AlterImportDataSPToInsertStatus.sql = Database\Warranty\Up\0029_AlterImportDataSPToInsertStatus.sql
		Database\Warranty\Up\0030_UpdateExistingServiceCallStatuses.sql = Database\Warranty\Up\0030_UpdateExistingServiceCallStatuses.sql
		Database\Warranty\Up\0031_AlterPaymentsToAddEscalated.sql = Database\Warranty\Up\0031_AlterPaymentsToAddEscalated.sql
		Database\Warranty\Up\0032_AlterStateCodeTypeToVarchar.sql = Database\Warranty\Up\0032_AlterStateCodeTypeToVarchar.sql
		Database\Warranty\Up\0033_AddEscalationDateToServiceCalls.sql = Database\Warranty\Up\0033_AddEscalationDateToServiceCalls.sql
		Database\Warranty\Up\0033_AddRequestedDateToPayments.sql = Database\Warranty\Up\0033_AddRequestedDateToPayments.sql
		Database\Warranty\Up\0033_DropDeleteStoredProcedure.sql = Database\Warranty\Up\0033_DropDeleteStoredProcedure.sql
		Database\Warranty\Up\0034_AddEscalationReasonToServiceCalls.sql = Database\Warranty\Up\0034_AddEscalationReasonToServiceCalls.sql
		Database\Warranty\Up\0034_AddStagePaymentTable.sql = Database\Warranty\Up\0034_AddStagePaymentTable.sql
		Database\Warranty\Up\0035_RemoveDuplicatePaymentJdeIds.sql = Database\Warranty\Up\0035_RemoveDuplicatePaymentJdeIds.sql
		Database\Warranty\Up\0036_AddJdeIdIndexToPayments.sql = Database\Warranty\Up\0036_AddJdeIdIndexToPayments.sql
		Database\Warranty\Up\0037_AlterJobTable.sql = Database\Warranty\Up\0037_AlterJobTable.sql
		Database\Warranty\Up\0038_AddJobIndex.sql = Database\Warranty\Up\0038_AddJobIndex.sql
		Database\Warranty\Up\0039_MoveClusteredKeyForServiceCallImport.sql = Database\Warranty\Up\0039_MoveClusteredKeyForServiceCallImport.sql
		Database\Warranty\Up\0040_AddJobIdIndexToServiceCalls.sql = Database\Warranty\Up\0040_AddJobIdIndexToServiceCalls.sql
		Database\Warranty\Up\0041_AddWSREmplIdIndexToServiceCalls.sql = Database\Warranty\Up\0041_AddWSREmplIdIndexToServiceCalls.sql
		Database\Warranty\Up\0042_AddJobStageTable.sql = Database\Warranty\Up\0042_AddJobStageTable.sql
		Database\Warranty\Up\0043_AddJdeIdFieldToJobs.sql = Database\Warranty\Up\0043_AddJdeIdFieldToJobs.sql
		Database\Warranty\Up\0044_UpdateJdeIdToJobNumber.sql = Database\Warranty\Up\0044_UpdateJdeIdToJobNumber.sql
		Database\Warranty\Up\0045_RemoveTotalPriceFromJobs.sql = Database\Warranty\Up\0045_RemoveTotalPriceFromJobs.sql
		Database\Warranty\Up\0046_ChangeSwingToVarchar20.sql = Database\Warranty\Up\0046_ChangeSwingToVarchar20.sql
		Database\Warranty\Up\0048_AlterIdentityToClassificationCodes.sql = Database\Warranty\Up\0048_AlterIdentityToClassificationCodes.sql
		Database\Warranty\Up\0049_AlterIdentityToProblemCodes.sql = Database\Warranty\Up\0049_AlterIdentityToProblemCodes.sql
		Database\Warranty\Up\0050_AlterIdentityToRootCauses.sql = Database\Warranty\Up\0050_AlterIdentityToRootCauses.sql
		Database\Warranty\Up\0055_AlterServiceCallCommentsToNotes.sql = Database\Warranty\Up\0055_AlterServiceCallCommentsToNotes.sql
		Database\Warranty\Up\0056_AddServiceCallLineItemToServiceCallNotes.sql = Database\Warranty\Up\0056_AddServiceCallLineItemToServiceCallNotes.sql
		Database\Warranty\Up\0057_AddActivityLogTable.sql = Database\Warranty\Up\0057_AddActivityLogTable.sql
		Database\Warranty\Up\0058_AlterServiceCallLineItemsAddServiceCallLineItemStatusId.sql = Database\Warranty\Up\0058_AlterServiceCallLineItemsAddServiceCallLineItemStatusId.sql
		Database\Warranty\Up\0059_AlterServiceCallsAddHomeOwnerVerficationSignature.sql = Database\Warranty\Up\0059_AlterServiceCallsAddHomeOwnerVerficationSignature.sql
		Database\Warranty\Up\0063_InsertServiceCallStatusHomeownerSigned.sql = Database\Warranty\Up\0063_InsertServiceCallStatusHomeownerSigned.sql
		Database\Warranty\Up\0064_AddJobNotesTable.sql = Database\Warranty\Up\0064_AddJobNotesTable.sql
		Database\Warranty\Up\0067_AddJobAttachmentsTable.sql = Database\Warranty\Up\0067_AddJobAttachmentsTable.sql
		Database\Warranty\Up\0069_ProblemCodeRootCauses.sql = Database\Warranty\Up\0069_ProblemCodeRootCauses.sql
	EndProjectSection
EndProject
Project("{2150E333-8FDC-42A3-9474-1A3956D46DE8}") = "Deployment", "Deployment", "{D0DD7813-D199-44F7-A1F3-EC38DCA342F2}"
EndProject
Project("{2150E333-8FDC-42A3-9474-1A3956D46DE8}") = "modules", "modules", "{DF34B390-2524-4D04-BAB5-FA2268223006}"
	ProjectSection(SolutionItems) = preProject
		..\deployment\modules\IIS.psm1 = ..\deployment\modules\IIS.psm1
		..\deployment\modules\package.psm1 = ..\deployment\modules\package.psm1
		..\deployment\modules\ScheduledJobs.psm1 = ..\deployment\modules\ScheduledJobs.psm1
		..\deployment\modules\windows.psm1 = ..\deployment\modules\windows.psm1
	EndProjectSection
EndProject
Project("{2150E333-8FDC-42A3-9474-1A3956D46DE8}") = "Warranty", "Warranty", "{D5835A57-4AEB-4540-8BE4-6511D4E20B32}"
	ProjectSection(SolutionItems) = preProject
		..\deployment\warranty\dev.bat = ..\deployment\warranty\dev.bat
		..\deployment\warranty\dev.vars.ps1 = ..\deployment\warranty\dev.vars.ps1
		..\deployment\warranty\prod.bat = ..\deployment\warranty\prod.bat
		..\deployment\warranty\prod.vars.ps1 = ..\deployment\warranty\prod.vars.ps1
		..\deployment\warranty\pstrami.bat = ..\deployment\warranty\pstrami.bat
		..\deployment\warranty\pstrami.config.ps1 = ..\deployment\warranty\pstrami.config.ps1
		..\deployment\warranty\pstrami.psm1 = ..\deployment\warranty\pstrami.psm1
		..\deployment\warranty\training.bat = ..\deployment\warranty\training.bat
		..\deployment\warranty\training.vars.ps1 = ..\deployment\warranty\training.vars.ps1
		..\deployment\warranty\vars.ps1 = ..\deployment\warranty\vars.ps1
	EndProjectSection
EndProject
Project("{FAE04EC0-301F-11D3-BF4B-00C04F79EFBC}") = "Warranty.IntegrationTests", "Warranty.IntegrationTests\Warranty.IntegrationTests.csproj", "{82F4160F-9F09-4672-8A85-C6445C801E17}"
EndProject
Project("{FAE04EC0-301F-11D3-BF4B-00C04F79EFBC}") = "Warranty.Server.IntegrationTests", "Warranty.Server.IntegrationTests\Warranty.Server.IntegrationTests.csproj", "{0E28943C-3644-4A3C-BBBC-21BDFCC64791}"
EndProject
Project("{2150E333-8FDC-42A3-9474-1A3956D46DE8}") = "Tests", "Tests", "{A17141C5-B96A-4407-9175-FF9DB67885C9}"
EndProject
Project("{2150E333-8FDC-42A3-9474-1A3956D46DE8}") = "Importers", "Importers", "{B7EF2C05-783E-411E-BA6B-604D7E44F834}"
EndProject
Project("{2150E333-8FDC-42A3-9474-1A3956D46DE8}") = "runAfterOtherAnytimeScripts", "runAfterOtherAnytimeScripts", "{D76E83FE-4DBA-4953-BCE6-A903B4A99A06}"
	ProjectSection(SolutionItems) = preProject
		Database\Warranty\runAfterOtherAnytimeScripts\9999_AlterImportDataProc.EVERYTIME.sql = Database\Warranty\runAfterOtherAnytimeScripts\9999_AlterImportDataProc.EVERYTIME.sql
	EndProjectSection
EndProject
Project("{FAE04EC0-301F-11D3-BF4B-00C04F79EFBC}") = "Warranty.InnerMessages", "Warranty.InnerMessages\Warranty.InnerMessages.csproj", "{1D13D0D6-BBC3-402A-B140-0330AC3F6627}"
EndProject
Project("{FAE04EC0-301F-11D3-BF4B-00C04F79EFBC}") = "Warranty.Events", "Warranty.Events\Warranty.Events.csproj", "{288B6502-98F6-47E7-8DFF-44F7F8CFF1D1}"
EndProject
Global
	GlobalSection(SolutionConfigurationPlatforms) = preSolution
		Debug|Any CPU = Debug|Any CPU
		Release|Any CPU = Release|Any CPU
	EndGlobalSection
	GlobalSection(ProjectConfigurationPlatforms) = postSolution
		{ECCA9355-3FF0-4C3A-BE4C-9E02B5C8D242}.Debug|Any CPU.ActiveCfg = Debug|Any CPU
		{ECCA9355-3FF0-4C3A-BE4C-9E02B5C8D242}.Debug|Any CPU.Build.0 = Debug|Any CPU
		{ECCA9355-3FF0-4C3A-BE4C-9E02B5C8D242}.Release|Any CPU.ActiveCfg = Release|Any CPU
		{ECCA9355-3FF0-4C3A-BE4C-9E02B5C8D242}.Release|Any CPU.Build.0 = Release|Any CPU
		{991144F8-B588-4604-930B-3224FEC6FF32}.Debug|Any CPU.ActiveCfg = Debug|Any CPU
		{991144F8-B588-4604-930B-3224FEC6FF32}.Debug|Any CPU.Build.0 = Debug|Any CPU
		{991144F8-B588-4604-930B-3224FEC6FF32}.Release|Any CPU.ActiveCfg = Release|Any CPU
		{991144F8-B588-4604-930B-3224FEC6FF32}.Release|Any CPU.Build.0 = Release|Any CPU
		{C3CDE3C8-278C-44F6-A498-344A6E666454}.Debug|Any CPU.ActiveCfg = Debug|Any CPU
		{C3CDE3C8-278C-44F6-A498-344A6E666454}.Debug|Any CPU.Build.0 = Debug|Any CPU
		{C3CDE3C8-278C-44F6-A498-344A6E666454}.Release|Any CPU.ActiveCfg = Release|Any CPU
		{C3CDE3C8-278C-44F6-A498-344A6E666454}.Release|Any CPU.Build.0 = Release|Any CPU
		{1F88DA00-AE07-4355-8368-37E3A1D6C7A2}.Debug|Any CPU.ActiveCfg = Debug|Any CPU
		{1F88DA00-AE07-4355-8368-37E3A1D6C7A2}.Debug|Any CPU.Build.0 = Debug|Any CPU
		{1F88DA00-AE07-4355-8368-37E3A1D6C7A2}.Release|Any CPU.ActiveCfg = Release|Any CPU
		{1F88DA00-AE07-4355-8368-37E3A1D6C7A2}.Release|Any CPU.Build.0 = Release|Any CPU
		{AF1DBB4F-8023-4488-9961-96471C6647F3}.Debug|Any CPU.ActiveCfg = Debug|Any CPU
		{AF1DBB4F-8023-4488-9961-96471C6647F3}.Debug|Any CPU.Build.0 = Debug|Any CPU
		{AF1DBB4F-8023-4488-9961-96471C6647F3}.Release|Any CPU.ActiveCfg = Release|Any CPU
		{AF1DBB4F-8023-4488-9961-96471C6647F3}.Release|Any CPU.Build.0 = Release|Any CPU
		{24F01427-4EBA-4038-A8DE-320AC2857484}.Debug|Any CPU.ActiveCfg = Debug|Any CPU
		{24F01427-4EBA-4038-A8DE-320AC2857484}.Debug|Any CPU.Build.0 = Debug|Any CPU
		{24F01427-4EBA-4038-A8DE-320AC2857484}.Release|Any CPU.ActiveCfg = Release|Any CPU
		{24F01427-4EBA-4038-A8DE-320AC2857484}.Release|Any CPU.Build.0 = Release|Any CPU
		{82F4160F-9F09-4672-8A85-C6445C801E17}.Debug|Any CPU.ActiveCfg = Debug|Any CPU
		{82F4160F-9F09-4672-8A85-C6445C801E17}.Debug|Any CPU.Build.0 = Debug|Any CPU
		{82F4160F-9F09-4672-8A85-C6445C801E17}.Release|Any CPU.ActiveCfg = Release|Any CPU
		{82F4160F-9F09-4672-8A85-C6445C801E17}.Release|Any CPU.Build.0 = Release|Any CPU
		{0E28943C-3644-4A3C-BBBC-21BDFCC64791}.Debug|Any CPU.ActiveCfg = Debug|Any CPU
		{0E28943C-3644-4A3C-BBBC-21BDFCC64791}.Debug|Any CPU.Build.0 = Debug|Any CPU
		{0E28943C-3644-4A3C-BBBC-21BDFCC64791}.Release|Any CPU.ActiveCfg = Release|Any CPU
		{0E28943C-3644-4A3C-BBBC-21BDFCC64791}.Release|Any CPU.Build.0 = Release|Any CPU
		{1D13D0D6-BBC3-402A-B140-0330AC3F6627}.Debug|Any CPU.ActiveCfg = Debug|Any CPU
		{1D13D0D6-BBC3-402A-B140-0330AC3F6627}.Debug|Any CPU.Build.0 = Debug|Any CPU
		{1D13D0D6-BBC3-402A-B140-0330AC3F6627}.Release|Any CPU.ActiveCfg = Release|Any CPU
		{1D13D0D6-BBC3-402A-B140-0330AC3F6627}.Release|Any CPU.Build.0 = Release|Any CPU
		{288B6502-98F6-47E7-8DFF-44F7F8CFF1D1}.Debug|Any CPU.ActiveCfg = Debug|Any CPU
		{288B6502-98F6-47E7-8DFF-44F7F8CFF1D1}.Debug|Any CPU.Build.0 = Debug|Any CPU
		{288B6502-98F6-47E7-8DFF-44F7F8CFF1D1}.Release|Any CPU.ActiveCfg = Release|Any CPU
		{288B6502-98F6-47E7-8DFF-44F7F8CFF1D1}.Release|Any CPU.Build.0 = Release|Any CPU
	EndGlobalSection
	GlobalSection(SolutionProperties) = preSolution
		HideSolutionNode = FALSE
	EndGlobalSection
	GlobalSection(NestedProjects) = preSolution
		{82F4160F-9F09-4672-8A85-C6445C801E17} = {A17141C5-B96A-4407-9175-FF9DB67885C9}
		{0E28943C-3644-4A3C-BBBC-21BDFCC64791} = {A17141C5-B96A-4407-9175-FF9DB67885C9}
		{C3CDE3C8-278C-44F6-A498-344A6E666454} = {A17141C5-B96A-4407-9175-FF9DB67885C9}
		{24F01427-4EBA-4038-A8DE-320AC2857484} = {B7EF2C05-783E-411E-BA6B-604D7E44F834}
		{AF1DBB4F-8023-4488-9961-96471C6647F3} = {B7EF2C05-783E-411E-BA6B-604D7E44F834}
		{774F9200-608F-47BB-9529-283346F7A9BB} = {9AE255B5-B3E9-4EAE-9930-4FE345CFE51D}
		{20518451-E144-488A-9C92-4DF652E04FC8} = {774F9200-608F-47BB-9529-283346F7A9BB}
		{D76E83FE-4DBA-4953-BCE6-A903B4A99A06} = {774F9200-608F-47BB-9529-283346F7A9BB}
		{DF34B390-2524-4D04-BAB5-FA2268223006} = {D0DD7813-D199-44F7-A1F3-EC38DCA342F2}
		{D5835A57-4AEB-4540-8BE4-6511D4E20B32} = {D0DD7813-D199-44F7-A1F3-EC38DCA342F2}
	EndGlobalSection
EndGlobal
