
Microsoft Visual Studio Solution File, Format Version 12.00
# Visual Studio 2012
Project("{FAE04EC0-301F-11D3-BF4B-00C04F79EFBC}") = "Warranty.UI", "Warranty.UI\Warranty.UI.csproj", "{ECCA9355-3FF0-4C3A-BE4C-9E02B5C8D242}"
EndProject
Project("{FAE04EC0-301F-11D3-BF4B-00C04F79EFBC}") = "Warranty.Core", "Warranty.Core\Warranty.Core.csproj", "{991144F8-B588-4604-930B-3224FEC6FF32}"
EndProject
Project("{FAE04EC0-301F-11D3-BF4B-00C04F79EFBC}") = "Warranty.Tests", "Warranty.Tests\Warranty.Tests.csproj", "{C3CDE3C8-278C-44F6-A498-344A6E666454}"
EndProject
Project("{FAE04EC0-301F-11D3-BF4B-00C04F79EFBC}") = "Warranty.Server", "Warranty.Server\Warranty.Server.csproj", "{1F88DA00-AE07-4355-8368-37E3A1D6C7A2}"
EndProject
Project("{FAE04EC0-301F-11D3-BF4B-00C04F79EFBC}") = "Warranty.LotusExtract", "Warranty.LotusExtract\Warranty.LotusExtract.csproj", "{AF1DBB4F-8023-4488-9961-96471C6647F3}"
EndProject
Project("{2150E333-8FDC-42A3-9474-1A3956D46DE8}") = ".nuget", ".nuget", "{C00D447F-1C0F-43EA-8B50-06E03945D0F4}"
	ProjectSection(SolutionItems) = preProject
		.nuget\NuGet.Config = .nuget\NuGet.Config
		.nuget\NuGet.exe = .nuget\NuGet.exe
		.nuget\NuGet.targets = .nuget\NuGet.targets
	EndProjectSection
EndProject
Project("{2150E333-8FDC-42A3-9474-1A3956D46DE8}") = "Deployment", "Deployment", "{87C2C1AD-25CF-4BDF-AF17-527FF39DC199}"
EndProject
Project("{2150E333-8FDC-42A3-9474-1A3956D46DE8}") = "modules", "modules", "{AD820D14-6F94-4D29-B669-11F86D8A592D}"
	ProjectSection(SolutionItems) = preProject
		..\deployment\modules\IIS.psm1 = ..\deployment\modules\IIS.psm1
		..\deployment\modules\package.psm1 = ..\deployment\modules\package.psm1
		..\deployment\modules\ScheduledJobs.psm1 = ..\deployment\modules\ScheduledJobs.psm1
		..\deployment\modules\windows.psm1 = ..\deployment\modules\windows.psm1
	EndProjectSection
EndProject
Project("{2150E333-8FDC-42A3-9474-1A3956D46DE8}") = "warranty", "warranty", "{E9BB5AB8-1088-4C94-A82B-DF8567B309AB}"
	ProjectSection(SolutionItems) = preProject
		..\deployment\warranty\dev.bat = ..\deployment\warranty\dev.bat
		..\deployment\warranty\dev.vars.ps1 = ..\deployment\warranty\dev.vars.ps1
		..\deployment\warranty\prod.bat = ..\deployment\warranty\prod.bat
		..\deployment\warranty\prod.vars.ps1 = ..\deployment\warranty\prod.vars.ps1
		..\deployment\warranty\pstrami.bat = ..\deployment\warranty\pstrami.bat
		..\deployment\warranty\pstrami.config.ps1 = ..\deployment\warranty\pstrami.config.ps1
		..\deployment\warranty\pstrami.psm1 = ..\deployment\warranty\pstrami.psm1
		..\deployment\warranty\training.bat = ..\deployment\warranty\training.bat
		..\deployment\warranty\training.vars.ps1 = ..\deployment\warranty\training.vars.ps1
		..\deployment\warranty\vars.ps1 = ..\deployment\warranty\vars.ps1
	EndProjectSection
EndProject
Project("{2150E333-8FDC-42A3-9474-1A3956D46DE8}") = "Database", "Database", "{E05054EE-0068-482C-AAFA-828149F017C0}"
EndProject
Project("{2150E333-8FDC-42A3-9474-1A3956D46DE8}") = "Warranty", "Warranty", "{D59A61EF-8DC2-47BC-9C53-CE8189395AA6}"
EndProject
Project("{2150E333-8FDC-42A3-9474-1A3956D46DE8}") = "Up", "Up", "{CFDC65F6-8BA5-44AB-AFBE-9782D39D0D29}"
	ProjectSection(SolutionItems) = preProject
		Database\Warranty\Up\0000_AddNewDefaultFileGroup.sql = Database\Warranty\Up\0000_AddNewDefaultFileGroup.sql
		Database\Warranty\Up\0001_CreateCitiesTable.sql = Database\Warranty\Up\0001_CreateCitiesTable.sql
		Database\Warranty\Up\0002_CreateDivisionsTable.sql = Database\Warranty\Up\0002_CreateDivisionsTable.sql
		Database\Warranty\Up\0003_CreateProjectsTable.sql = Database\Warranty\Up\0003_CreateProjectsTable.sql
		Database\Warranty\Up\0004_CreateCommunitiesTable.sql = Database\Warranty\Up\0004_CreateCommunitiesTable.sql
		Database\Warranty\Up\0005_CreateHomeOwnersTable.sql = Database\Warranty\Up\0005_CreateHomeOwnersTable.sql
		Database\Warranty\Up\0006_CreateEmployeesTable.sql = Database\Warranty\Up\0006_CreateEmployeesTable.sql
		Database\Warranty\Up\0007_CreateJobsTable.sql = Database\Warranty\Up\0007_CreateJobsTable.sql
		Database\Warranty\Up\0008_CreateJobOptionsTable.sql = Database\Warranty\Up\0008_CreateJobOptionsTable.sql
		Database\Warranty\Up\0009_CreateWarrantyCallsTable.sql = Database\Warranty\Up\0009_CreateWarrantyCallsTable.sql
		Database\Warranty\Up\0010_CreateWarrantyCallLineItemsTable.sql = Database\Warranty\Up\0010_CreateWarrantyCallLineItemsTable.sql
		Database\Warranty\Up\0011_RelateHomeOwnerToJob.sql = Database\Warranty\Up\0011_RelateHomeOwnerToJob.sql
		Database\Warranty\Up\0012_CreateImportSchema.sql = Database\Warranty\Up\0012_CreateImportSchema.sql
		Database\Warranty\Up\0013_CreateMasterCommunityImportTable.sql = Database\Warranty\Up\0013_CreateMasterCommunityImportTable.sql
		Database\Warranty\Up\0014_CreateCustomerImportsTable.sql = Database\Warranty\Up\0014_CreateCustomerImportsTable.sql
		Database\Warranty\Up\0015_CreateWarrantyCallImportsTable.sql = Database\Warranty\Up\0015_CreateWarrantyCallImportsTable.sql
		Database\Warranty\Up\0016_CreateJobOptionImportsTable.sql = Database\Warranty\Up\0016_CreateJobOptionImportsTable.sql
		Database\Warranty\Up\0017_CreateDeleteByCityStoredProcedure.sql = Database\Warranty\Up\0017_CreateDeleteByCityStoredProcedure.sql
		Database\Warranty\Up\0018_CreateWarrantyCallCommentsTable.sql = Database\Warranty\Up\0018_CreateWarrantyCallCommentsTable.sql
		Database\Warranty\Up\0019_CreateImportDataStoredProcedure.sql = Database\Warranty\Up\0019_CreateImportDataStoredProcedure.sql
	EndProjectSection
EndProject
Project("{2150E333-8FDC-42A3-9474-1A3956D46DE8}") = "Tests", "Tests", "{593131C3-85D3-4FDC-95BB-45EBE0CF0ADD}"
EndProject
Global
	GlobalSection(SolutionConfigurationPlatforms) = preSolution
		Debug|Any CPU = Debug|Any CPU
		Release|Any CPU = Release|Any CPU
	EndGlobalSection
	GlobalSection(ProjectConfigurationPlatforms) = postSolution
		{ECCA9355-3FF0-4C3A-BE4C-9E02B5C8D242}.Debug|Any CPU.ActiveCfg = Debug|Any CPU
		{ECCA9355-3FF0-4C3A-BE4C-9E02B5C8D242}.Debug|Any CPU.Build.0 = Debug|Any CPU
		{ECCA9355-3FF0-4C3A-BE4C-9E02B5C8D242}.Release|Any CPU.ActiveCfg = Release|Any CPU
		{ECCA9355-3FF0-4C3A-BE4C-9E02B5C8D242}.Release|Any CPU.Build.0 = Release|Any CPU
		{991144F8-B588-4604-930B-3224FEC6FF32}.Debug|Any CPU.ActiveCfg = Debug|Any CPU
		{991144F8-B588-4604-930B-3224FEC6FF32}.Debug|Any CPU.Build.0 = Debug|Any CPU
		{991144F8-B588-4604-930B-3224FEC6FF32}.Release|Any CPU.ActiveCfg = Release|Any CPU
		{991144F8-B588-4604-930B-3224FEC6FF32}.Release|Any CPU.Build.0 = Release|Any CPU
		{C3CDE3C8-278C-44F6-A498-344A6E666454}.Debug|Any CPU.ActiveCfg = Debug|Any CPU
		{C3CDE3C8-278C-44F6-A498-344A6E666454}.Debug|Any CPU.Build.0 = Debug|Any CPU
		{C3CDE3C8-278C-44F6-A498-344A6E666454}.Release|Any CPU.ActiveCfg = Release|Any CPU
		{C3CDE3C8-278C-44F6-A498-344A6E666454}.Release|Any CPU.Build.0 = Release|Any CPU
		{1F88DA00-AE07-4355-8368-37E3A1D6C7A2}.Debug|Any CPU.ActiveCfg = Debug|Any CPU
		{1F88DA00-AE07-4355-8368-37E3A1D6C7A2}.Debug|Any CPU.Build.0 = Debug|Any CPU
		{1F88DA00-AE07-4355-8368-37E3A1D6C7A2}.Release|Any CPU.ActiveCfg = Release|Any CPU
		{1F88DA00-AE07-4355-8368-37E3A1D6C7A2}.Release|Any CPU.Build.0 = Release|Any CPU
		{AF1DBB4F-8023-4488-9961-96471C6647F3}.Debug|Any CPU.ActiveCfg = Debug|Any CPU
		{AF1DBB4F-8023-4488-9961-96471C6647F3}.Debug|Any CPU.Build.0 = Debug|Any CPU
		{AF1DBB4F-8023-4488-9961-96471C6647F3}.Release|Any CPU.ActiveCfg = Release|Any CPU
		{AF1DBB4F-8023-4488-9961-96471C6647F3}.Release|Any CPU.Build.0 = Release|Any CPU
	EndGlobalSection
	GlobalSection(SolutionProperties) = preSolution
		HideSolutionNode = FALSE
	EndGlobalSection
	GlobalSection(NestedProjects) = preSolution
		{AD820D14-6F94-4D29-B669-11F86D8A592D} = {87C2C1AD-25CF-4BDF-AF17-527FF39DC199}
		{E9BB5AB8-1088-4C94-A82B-DF8567B309AB} = {87C2C1AD-25CF-4BDF-AF17-527FF39DC199}
		{D59A61EF-8DC2-47BC-9C53-CE8189395AA6} = {E05054EE-0068-482C-AAFA-828149F017C0}
		{CFDC65F6-8BA5-44AB-AFBE-9782D39D0D29} = {D59A61EF-8DC2-47BC-9C53-CE8189395AA6}
		{C3CDE3C8-278C-44F6-A498-344A6E666454} = {593131C3-85D3-4FDC-95BB-45EBE0CF0ADD}
	EndGlobalSection
EndGlobal
