
Microsoft Visual Studio Solution File, Format Version 12.00
# Visual Studio 2012
Project("{FAE04EC0-301F-11D3-BF4B-00C04F79EFBC}") = "Warranty.UI", "Warranty.UI\Warranty.UI.csproj", "{ECCA9355-3FF0-4C3A-BE4C-9E02B5C8D242}"
EndProject
Project("{FAE04EC0-301F-11D3-BF4B-00C04F79EFBC}") = "Warranty.Core", "Warranty.Core\Warranty.Core.csproj", "{991144F8-B588-4604-930B-3224FEC6FF32}"
EndProject
Project("{FAE04EC0-301F-11D3-BF4B-00C04F79EFBC}") = "Warranty.Tests", "Warranty.Tests\Warranty.Tests.csproj", "{C3CDE3C8-278C-44F6-A498-344A6E666454}"
EndProject
Project("{FAE04EC0-301F-11D3-BF4B-00C04F79EFBC}") = "Warranty.Server", "Warranty.Server\Warranty.Server.csproj", "{1F88DA00-AE07-4355-8368-37E3A1D6C7A2}"
EndProject
Project("{FAE04EC0-301F-11D3-BF4B-00C04F79EFBC}") = "Warranty.LotusExtract", "Warranty.LotusExtract\Warranty.LotusExtract.csproj", "{AF1DBB4F-8023-4488-9961-96471C6647F3}"
EndProject
Project("{2150E333-8FDC-42A3-9474-1A3956D46DE8}") = ".nuget", ".nuget", "{659B26AF-25EC-4F8A-9FB4-CA7DF919C903}"
EndProject
Global
	GlobalSection(SolutionConfigurationPlatforms) = preSolution
		Debug|Any CPU = Debug|Any CPU
		Release|Any CPU = Release|Any CPU
	EndGlobalSection
	GlobalSection(ProjectConfigurationPlatforms) = postSolution
		{ECCA9355-3FF0-4C3A-BE4C-9E02B5C8D242}.Debug|Any CPU.ActiveCfg = Debug|Any CPU
		{ECCA9355-3FF0-4C3A-BE4C-9E02B5C8D242}.Debug|Any CPU.Build.0 = Debug|Any CPU
		{ECCA9355-3FF0-4C3A-BE4C-9E02B5C8D242}.Release|Any CPU.ActiveCfg = Release|Any CPU
		{ECCA9355-3FF0-4C3A-BE4C-9E02B5C8D242}.Release|Any CPU.Build.0 = Release|Any CPU
		{991144F8-B588-4604-930B-3224FEC6FF32}.Debug|Any CPU.ActiveCfg = Debug|Any CPU
		{991144F8-B588-4604-930B-3224FEC6FF32}.Debug|Any CPU.Build.0 = Debug|Any CPU
		{991144F8-B588-4604-930B-3224FEC6FF32}.Release|Any CPU.ActiveCfg = Release|Any CPU
		{991144F8-B588-4604-930B-3224FEC6FF32}.Release|Any CPU.Build.0 = Release|Any CPU
		{C3CDE3C8-278C-44F6-A498-344A6E666454}.Debug|Any CPU.ActiveCfg = Debug|Any CPU
		{C3CDE3C8-278C-44F6-A498-344A6E666454}.Debug|Any CPU.Build.0 = Debug|Any CPU
		{C3CDE3C8-278C-44F6-A498-344A6E666454}.Release|Any CPU.ActiveCfg = Release|Any CPU
		{C3CDE3C8-278C-44F6-A498-344A6E666454}.Release|Any CPU.Build.0 = Release|Any CPU
		{1F88DA00-AE07-4355-8368-37E3A1D6C7A2}.Debug|Any CPU.ActiveCfg = Debug|Any CPU
		{1F88DA00-AE07-4355-8368-37E3A1D6C7A2}.Debug|Any CPU.Build.0 = Debug|Any CPU
		{1F88DA00-AE07-4355-8368-37E3A1D6C7A2}.Release|Any CPU.ActiveCfg = Release|Any CPU
		{1F88DA00-AE07-4355-8368-37E3A1D6C7A2}.Release|Any CPU.Build.0 = Release|Any CPU
		{AF1DBB4F-8023-4488-9961-96471C6647F3}.Debug|Any CPU.ActiveCfg = Debug|Any CPU
		{AF1DBB4F-8023-4488-9961-96471C6647F3}.Debug|Any CPU.Build.0 = Debug|Any CPU
		{AF1DBB4F-8023-4488-9961-96471C6647F3}.Release|Any CPU.ActiveCfg = Release|Any CPU
		{AF1DBB4F-8023-4488-9961-96471C6647F3}.Release|Any CPU.Build.0 = Release|Any CPU
	EndGlobalSection
	GlobalSection(SolutionProperties) = preSolution
		HideSolutionNode = FALSE
	EndGlobalSection
EndGlobal
